
Microsoft Visual Studio Solution File, Format Version 12.00
# Visual Studio Version 16
VisualStudioVersion = 16.0.31702.278
MinimumVisualStudioVersion = 10.0.40219.1
Project("{FAE04EC0-301F-11D3-BF4B-00C04F79EFBC}") = "ToDoAPI", "ToDoAPI.csproj", "{C1D68DAC-8FFE-4143-944B-2731077344AB}"
EndProject
Global
	GlobalSection(SolutionConfigurationPlatforms) = preSolution
		Debug|Any CPU = Debug|Any CPU
		Release|Any CPU = Release|Any CPU
	EndGlobalSection
	GlobalSection(ProjectConfigurationPlatforms) = postSolution
		{C1D68DAC-8FFE-4143-944B-2731077344AB}.Debug|Any CPU.ActiveCfg = Debug|Any CPU
		{C1D68DAC-8FFE-4143-944B-2731077344AB}.Debug|Any CPU.Build.0 = Debug|Any CPU
		{C1D68DAC-8FFE-4143-944B-2731077344AB}.Release|Any CPU.ActiveCfg = Release|Any CPU
		{C1D68DAC-8FFE-4143-944B-2731077344AB}.Release|Any CPU.Build.0 = Release|Any CPU
	EndGlobalSection
	GlobalSection(SolutionProperties) = preSolution
		HideSolutionNode = FALSE
	EndGlobalSection
	GlobalSection(ExtensibilityGlobals) = postSolution
		SolutionGuid = {5727F14B-2872-49F5-80E0-1ED8D93FA1EE}
	EndGlobalSection
EndGlobal
